
Microsoft Visual Studio Solution File, Format Version 12.00
# Visual Studio Version 17
VisualStudioVersion = 17.3.32929.385
MinimumVisualStudioVersion = 10.0.40219.1
Project("{2150E333-8FDC-42A3-9474-1A3956D46DE8}") = "Tools", "Tools", "{7A0BE613-2CF7-4107-8D35-5A9BEC2F63FA}"
EndProject
Project("{2150E333-8FDC-42A3-9474-1A3956D46DE8}") = "Libraries", "Libraries", "{88EEA67C-E4BF-44CC-AEE1-1B3B2AB83767}"
EndProject
Project("{2150E333-8FDC-42A3-9474-1A3956D46DE8}") = "Etc", "Etc", "{BAF5740A-288E-44F4-9810-A0627B6B60A9}"
	ProjectSection(SolutionItems) = preProject
		.editorconfig = .editorconfig
		.gitignore = .gitignore
		README.md = README.md
	EndProjectSection
EndProject
Project("{2150E333-8FDC-42A3-9474-1A3956D46DE8}") = "Database", "Database", "{C8D5274F-AC00-46C7-1F8D-E88E81087A52}"
EndProject
Project("{2150E333-8FDC-42A3-9474-1A3956D46DE8}") = "Game", "Game", "{9B3ABB26-1B63-445F-B408-13CD4373BE9E}"
EndProject
Project("{2150E333-8FDC-42A3-9474-1A3956D46DE8}") = "StoredProcedure", "StoredProcedure", "{9BB5B9FD-5A4F-4788-B70D-957E8FB0DB4A}"
	ProjectSection(SolutionItems) = preProject
		Database\Game\StoredProcedure\is_available_account_name.sql = Database\Game\StoredProcedure\is_available_account_name.sql
		Database\Game\StoredProcedure\login.sql = Database\Game\StoredProcedure\login.sql
		Database\Game\StoredProcedure\register_account.sql = Database\Game\StoredProcedure\register_account.sql
	EndProjectSection
EndProject
Project("{2150E333-8FDC-42A3-9474-1A3956D46DE8}") = "Table", "Table", "{F14B322E-29CC-4055-AC16-22E3CB49914C}"
	ProjectSection(SolutionItems) = preProject
		Database\Game\Table\account.sql = Database\Game\Table\account.sql
		Database\Game\Table\ban_account.sql = Database\Game\Table\ban_account.sql
	EndProjectSection
EndProject
Project("{2150E333-8FDC-42A3-9474-1A3956D46DE8}") = "Game", "Game", "{AB062421-B072-4AB3-A5F6-DF85A0D803C2}"
EndProject
Project("{8BC9CEB8-8B4A-11D0-8D11-00A0C91BC942}") = "Client", "Src\Game\Client\Client.vcxproj", "{D00ABCB1-630E-4A0E-BBCB-F54B221AAA1D}"
	ProjectSection(ProjectDependencies) = postProject
		{46B7BA29-B491-4871-BFBD-3AF71FA89B0A} = {46B7BA29-B491-4871-BFBD-3AF71FA89B0A}
		{ECE58EE1-CBF9-4731-9CA5-C89FA63034E8} = {ECE58EE1-CBF9-4731-9CA5-C89FA63034E8}
	EndProjectSection
EndProject
Project("{8BC9CEB8-8B4A-11D0-8D11-00A0C91BC942}") = "CenterServer", "Src\Game\CenterServer\CenterServer.vcxproj", "{D971D8A9-926E-4919-BF2E-2BF282CACCBC}"
	ProjectSection(ProjectDependencies) = postProject
		{3A60F38B-6BF8-4CFF-B6C3-DBFE015F9860} = {3A60F38B-6BF8-4CFF-B6C3-DBFE015F9860}
		{46B7BA29-B491-4871-BFBD-3AF71FA89B0A} = {46B7BA29-B491-4871-BFBD-3AF71FA89B0A}
		{ECE58EE1-CBF9-4731-9CA5-C89FA63034E8} = {ECE58EE1-CBF9-4731-9CA5-C89FA63034E8}
	EndProjectSection
EndProject
Project("{8BC9CEB8-8B4A-11D0-8D11-00A0C91BC942}") = "LoginServer", "Src\Game\LoginServer\LoginServer.vcxproj", "{7C4AE94D-8E6B-43FB-8B96-E5AA7A82FF95}"
	ProjectSection(ProjectDependencies) = postProject
		{3A60F38B-6BF8-4CFF-B6C3-DBFE015F9860} = {3A60F38B-6BF8-4CFF-B6C3-DBFE015F9860}
		{46B7BA29-B491-4871-BFBD-3AF71FA89B0A} = {46B7BA29-B491-4871-BFBD-3AF71FA89B0A}
		{ECE58EE1-CBF9-4731-9CA5-C89FA63034E8} = {ECE58EE1-CBF9-4731-9CA5-C89FA63034E8}
	EndProjectSection
EndProject
Project("{8BC9CEB8-8B4A-11D0-8D11-00A0C91BC942}") = "Database", "Src\Libraries\Database\Database.vcxproj", "{3A60F38B-6BF8-4CFF-B6C3-DBFE015F9860}"
	ProjectSection(ProjectDependencies) = postProject
		{ECE58EE1-CBF9-4731-9CA5-C89FA63034E8} = {ECE58EE1-CBF9-4731-9CA5-C89FA63034E8}
	EndProjectSection
EndProject
Project("{8BC9CEB8-8B4A-11D0-8D11-00A0C91BC942}") = "Graphics", "Src\Libraries\Graphics\Graphics.vcxproj", "{46B7BA29-B491-4871-BFBD-3AF71FA89B0A}"
	ProjectSection(ProjectDependencies) = postProject
		{ECE58EE1-CBF9-4731-9CA5-C89FA63034E8} = {ECE58EE1-CBF9-4731-9CA5-C89FA63034E8}
	EndProjectSection
EndProject
Project("{8BC9CEB8-8B4A-11D0-8D11-00A0C91BC942}") = "Resource", "Src\Libraries\Resource\Resource.vcxproj", "{ECE58EE1-CBF9-4731-9CA5-C89FA63034E8}"
EndProject
Project("{8BC9CEB8-8B4A-11D0-8D11-00A0C91BC942}") = "Engine", "Src\Tools\Engine\Engine.vcxproj", "{6C1500F3-A088-4B6E-9236-BCB3CBB17B26}"
	ProjectSection(ProjectDependencies) = postProject
		{46B7BA29-B491-4871-BFBD-3AF71FA89B0A} = {46B7BA29-B491-4871-BFBD-3AF71FA89B0A}
		{ECE58EE1-CBF9-4731-9CA5-C89FA63034E8} = {ECE58EE1-CBF9-4731-9CA5-C89FA63034E8}
	EndProjectSection
EndProject
Global
	GlobalSection(SolutionConfigurationPlatforms) = preSolution
		Debug_Client|x64 = Debug_Client|x64
		Debug_Server|x64 = Debug_Server|x64
		Debug_Tool|x64 = Debug_Tool|x64
		Release_Client|x64 = Release_Client|x64
		Release_Server|x64 = Release_Server|x64
		Release_Tool|x64 = Release_Tool|x64
	EndGlobalSection
	GlobalSection(ProjectConfigurationPlatforms) = postSolution
		{D00ABCB1-630E-4A0E-BBCB-F54B221AAA1D}.Debug_Client|x64.ActiveCfg = Debug|x64
		{D00ABCB1-630E-4A0E-BBCB-F54B221AAA1D}.Debug_Client|x64.Build.0 = Debug|x64
		{D00ABCB1-630E-4A0E-BBCB-F54B221AAA1D}.Debug_Server|x64.ActiveCfg = Debug|x64
		{D00ABCB1-630E-4A0E-BBCB-F54B221AAA1D}.Debug_Tool|x64.ActiveCfg = Debug|x64
		{D00ABCB1-630E-4A0E-BBCB-F54B221AAA1D}.Release_Client|x64.ActiveCfg = Release|x64
		{D00ABCB1-630E-4A0E-BBCB-F54B221AAA1D}.Release_Client|x64.Build.0 = Release|x64
		{D00ABCB1-630E-4A0E-BBCB-F54B221AAA1D}.Release_Server|x64.ActiveCfg = Release|x64
		{D00ABCB1-630E-4A0E-BBCB-F54B221AAA1D}.Release_Tool|x64.ActiveCfg = Release|x64
		{D971D8A9-926E-4919-BF2E-2BF282CACCBC}.Debug_Client|x64.ActiveCfg = Debug|x64
		{D971D8A9-926E-4919-BF2E-2BF282CACCBC}.Debug_Server|x64.ActiveCfg = Debug|x64
		{D971D8A9-926E-4919-BF2E-2BF282CACCBC}.Debug_Server|x64.Build.0 = Debug|x64
		{D971D8A9-926E-4919-BF2E-2BF282CACCBC}.Debug_Tool|x64.ActiveCfg = Debug|x64
		{D971D8A9-926E-4919-BF2E-2BF282CACCBC}.Release_Client|x64.ActiveCfg = Release|x64
		{D971D8A9-926E-4919-BF2E-2BF282CACCBC}.Release_Server|x64.ActiveCfg = Release|x64
		{D971D8A9-926E-4919-BF2E-2BF282CACCBC}.Release_Server|x64.Build.0 = Release|x64
		{D971D8A9-926E-4919-BF2E-2BF282CACCBC}.Release_Tool|x64.ActiveCfg = Release|x64
		{7C4AE94D-8E6B-43FB-8B96-E5AA7A82FF95}.Debug_Client|x64.ActiveCfg = Debug|x64
		{7C4AE94D-8E6B-43FB-8B96-E5AA7A82FF95}.Debug_Server|x64.ActiveCfg = Debug|x64
		{7C4AE94D-8E6B-43FB-8B96-E5AA7A82FF95}.Debug_Server|x64.Build.0 = Debug|x64
		{7C4AE94D-8E6B-43FB-8B96-E5AA7A82FF95}.Debug_Tool|x64.ActiveCfg = Debug|x64
		{7C4AE94D-8E6B-43FB-8B96-E5AA7A82FF95}.Release_Client|x64.ActiveCfg = Release|x64
		{7C4AE94D-8E6B-43FB-8B96-E5AA7A82FF95}.Release_Server|x64.ActiveCfg = Release|x64
		{7C4AE94D-8E6B-43FB-8B96-E5AA7A82FF95}.Release_Server|x64.Build.0 = Release|x64
		{7C4AE94D-8E6B-43FB-8B96-E5AA7A82FF95}.Release_Tool|x64.ActiveCfg = Release|x64
		{3A60F38B-6BF8-4CFF-B6C3-DBFE015F9860}.Debug_Client|x64.ActiveCfg = Debug|x64
		{3A60F38B-6BF8-4CFF-B6C3-DBFE015F9860}.Debug_Server|x64.ActiveCfg = Debug|x64
		{3A60F38B-6BF8-4CFF-B6C3-DBFE015F9860}.Debug_Server|x64.Build.0 = Debug|x64
		{3A60F38B-6BF8-4CFF-B6C3-DBFE015F9860}.Debug_Tool|x64.ActiveCfg = Debug|x64
		{3A60F38B-6BF8-4CFF-B6C3-DBFE015F9860}.Release_Client|x64.ActiveCfg = Release|x64
		{3A60F38B-6BF8-4CFF-B6C3-DBFE015F9860}.Release_Server|x64.ActiveCfg = Release|x64
		{3A60F38B-6BF8-4CFF-B6C3-DBFE015F9860}.Release_Server|x64.Build.0 = Release|x64
		{3A60F38B-6BF8-4CFF-B6C3-DBFE015F9860}.Release_Tool|x64.ActiveCfg = Release|x64
		{46B7BA29-B491-4871-BFBD-3AF71FA89B0A}.Debug_Client|x64.ActiveCfg = Debug_Client|x64
		{46B7BA29-B491-4871-BFBD-3AF71FA89B0A}.Debug_Client|x64.Build.0 = Debug_Client|x64
		{46B7BA29-B491-4871-BFBD-3AF71FA89B0A}.Debug_Server|x64.ActiveCfg = Debug_Server|x64
		{46B7BA29-B491-4871-BFBD-3AF71FA89B0A}.Debug_Server|x64.Build.0 = Debug_Server|x64
		{46B7BA29-B491-4871-BFBD-3AF71FA89B0A}.Debug_Tool|x64.ActiveCfg = Debug_Tool|x64
		{46B7BA29-B491-4871-BFBD-3AF71FA89B0A}.Debug_Tool|x64.Build.0 = Debug_Tool|x64
		{46B7BA29-B491-4871-BFBD-3AF71FA89B0A}.Release_Client|x64.ActiveCfg = Release_Client|x64
		{46B7BA29-B491-4871-BFBD-3AF71FA89B0A}.Release_Client|x64.Build.0 = Release_Client|x64
		{46B7BA29-B491-4871-BFBD-3AF71FA89B0A}.Release_Server|x64.ActiveCfg = Release_Server|x64
		{46B7BA29-B491-4871-BFBD-3AF71FA89B0A}.Release_Server|x64.Build.0 = Release_Server|x64
		{46B7BA29-B491-4871-BFBD-3AF71FA89B0A}.Release_Tool|x64.ActiveCfg = Release_Tool|x64
		{46B7BA29-B491-4871-BFBD-3AF71FA89B0A}.Release_Tool|x64.Build.0 = Release_Tool|x64
		{ECE58EE1-CBF9-4731-9CA5-C89FA63034E8}.Debug_Client|x64.ActiveCfg = Debug_Client|x64
		{ECE58EE1-CBF9-4731-9CA5-C89FA63034E8}.Debug_Client|x64.Build.0 = Debug_Client|x64
		{ECE58EE1-CBF9-4731-9CA5-C89FA63034E8}.Debug_Server|x64.ActiveCfg = Debug_Server|x64
		{ECE58EE1-CBF9-4731-9CA5-C89FA63034E8}.Debug_Server|x64.Build.0 = Debug_Server|x64
		{ECE58EE1-CBF9-4731-9CA5-C89FA63034E8}.Debug_Tool|x64.ActiveCfg = Debug_Tool|x64
		{ECE58EE1-CBF9-4731-9CA5-C89FA63034E8}.Debug_Tool|x64.Build.0 = Debug_Tool|x64
		{ECE58EE1-CBF9-4731-9CA5-C89FA63034E8}.Release_Client|x64.ActiveCfg = Release_Client|x64
		{ECE58EE1-CBF9-4731-9CA5-C89FA63034E8}.Release_Client|x64.Build.0 = Release_Client|x64
		{ECE58EE1-CBF9-4731-9CA5-C89FA63034E8}.Release_Server|x64.ActiveCfg = Release_Server|x64
		{ECE58EE1-CBF9-4731-9CA5-C89FA63034E8}.Release_Server|x64.Build.0 = Release_Server|x64
		{ECE58EE1-CBF9-4731-9CA5-C89FA63034E8}.Release_Tool|x64.ActiveCfg = Release_Tool|x64
		{ECE58EE1-CBF9-4731-9CA5-C89FA63034E8}.Release_Tool|x64.Build.0 = Release_Tool|x64
		{6C1500F3-A088-4B6E-9236-BCB3CBB17B26}.Debug_Client|x64.ActiveCfg = Debug|x64
		{6C1500F3-A088-4B6E-9236-BCB3CBB17B26}.Debug_Server|x64.ActiveCfg = Debug|x64
		{6C1500F3-A088-4B6E-9236-BCB3CBB17B26}.Debug_Tool|x64.ActiveCfg = Debug|x64
		{6C1500F3-A088-4B6E-9236-BCB3CBB17B26}.Debug_Tool|x64.Build.0 = Debug|x64
		{6C1500F3-A088-4B6E-9236-BCB3CBB17B26}.Release_Client|x64.ActiveCfg = Release|x64
		{6C1500F3-A088-4B6E-9236-BCB3CBB17B26}.Release_Server|x64.ActiveCfg = Release|x64
		{6C1500F3-A088-4B6E-9236-BCB3CBB17B26}.Release_Tool|x64.ActiveCfg = Release|x64
		{6C1500F3-A088-4B6E-9236-BCB3CBB17B26}.Release_Tool|x64.Build.0 = Release|x64
	EndGlobalSection
	GlobalSection(SolutionProperties) = preSolution
		HideSolutionNode = FALSE
	EndGlobalSection
	GlobalSection(NestedProjects) = preSolution
		{9B3ABB26-1B63-445F-B408-13CD4373BE9E} = {C8D5274F-AC00-46C7-1F8D-E88E81087A52}
		{9BB5B9FD-5A4F-4788-B70D-957E8FB0DB4A} = {9B3ABB26-1B63-445F-B408-13CD4373BE9E}
		{F14B322E-29CC-4055-AC16-22E3CB49914C} = {9B3ABB26-1B63-445F-B408-13CD4373BE9E}
		{D00ABCB1-630E-4A0E-BBCB-F54B221AAA1D} = {AB062421-B072-4AB3-A5F6-DF85A0D803C2}
		{D971D8A9-926E-4919-BF2E-2BF282CACCBC} = {AB062421-B072-4AB3-A5F6-DF85A0D803C2}
		{7C4AE94D-8E6B-43FB-8B96-E5AA7A82FF95} = {AB062421-B072-4AB3-A5F6-DF85A0D803C2}
		{3A60F38B-6BF8-4CFF-B6C3-DBFE015F9860} = {88EEA67C-E4BF-44CC-AEE1-1B3B2AB83767}
		{46B7BA29-B491-4871-BFBD-3AF71FA89B0A} = {88EEA67C-E4BF-44CC-AEE1-1B3B2AB83767}
		{ECE58EE1-CBF9-4731-9CA5-C89FA63034E8} = {88EEA67C-E4BF-44CC-AEE1-1B3B2AB83767}
		{6C1500F3-A088-4B6E-9236-BCB3CBB17B26} = {7A0BE613-2CF7-4107-8D35-5A9BEC2F63FA}
	EndGlobalSection
	GlobalSection(ExtensibilityGlobals) = postSolution
		SolutionGuid = {0A22C2EE-A1CE-420F-8886-35BEED50F885}
	EndGlobalSection
EndGlobal
