<?xml version="1.0" encoding="utf-8"?>
<Project ToolsVersion="4.0" xmlns="http://schemas.microsoft.com/developer/msbuild/2003">
  <ItemGroup>
    <Filter Include="소스 파일">
      <UniqueIdentifier>{4FC737F1-C7A5-4376-A066-2A32D752A2FF}</UniqueIdentifier>
      <Extensions>cpp;c;cc;cxx;c++;cppm;ixx;def;odl;idl;hpj;bat;asm;asmx</Extensions>
    </Filter>
    <Filter Include="헤더 파일">
      <UniqueIdentifier>{93995380-89BD-4b04-88EB-625FBE52EBFB}</UniqueIdentifier>
      <Extensions>h;hh;hpp;hxx;h++;hm;inl;inc;ipp;xsd</Extensions>
    </Filter>
    <Filter Include="헤더 파일\Common">
      <UniqueIdentifier>{a5643d21-8cf7-4896-97ab-377ce81da1f2}</UniqueIdentifier>
    </Filter>
    <Filter Include="외부 파일">
      <UniqueIdentifier>{d204f306-1c39-4303-bc86-20001baade5c}</UniqueIdentifier>
    </Filter>
    <Filter Include="외부 파일\DirectX">
      <UniqueIdentifier>{d3667ac8-58d9-45d6-a16a-70909c5fa11e}</UniqueIdentifier>
    </Filter>
    <Filter Include="외부 파일\Imgui">
      <UniqueIdentifier>{98257789-8391-4d29-b7c6-a8c047b61320}</UniqueIdentifier>
    </Filter>
    <Filter Include="모듈 파일">
      <UniqueIdentifier>{c96b76fc-1b6b-4525-96fb-93a3a895cd79}</UniqueIdentifier>
    </Filter>
    <Filter Include="모듈 파일\Resource">
      <UniqueIdentifier>{c6909b65-4e1d-4cc2-875c-4c6033644656}</UniqueIdentifier>
    </Filter>
    <Filter Include="소스 파일\Common">
      <UniqueIdentifier>{2c2f03d0-2441-4526-be4f-ddb6031b5bdd}</UniqueIdentifier>
    </Filter>
    <Filter Include="모듈 파일\Graphics">
      <UniqueIdentifier>{67818a58-8ab6-4abf-bb29-6f49e3c746ba}</UniqueIdentifier>
    </Filter>
    <Filter Include="소스 파일\Client">
      <UniqueIdentifier>{aaa8cdf6-16d7-4985-ac11-6dbf4b74e5c4}</UniqueIdentifier>
    </Filter>
    <Filter Include="헤더 파일\Client">
      <UniqueIdentifier>{d5822da1-6456-4764-a738-e5c082038e97}</UniqueIdentifier>
    </Filter>
  </ItemGroup>
  <ItemGroup>
    <ClInclude Include="App.h">
      <Filter>헤더 파일</Filter>
    </ClInclude>
    <ClInclude Include="Stdafx.h">
      <Filter>헤더 파일</Filter>
    </ClInclude>
    <ClInclude Include="..\..\External\DirectX\d3dx12.h">
      <Filter>외부 파일\DirectX</Filter>
    </ClInclude>
    <ClInclude Include="..\..\External\Imgui\imconfig.h">
      <Filter>외부 파일\Imgui</Filter>
    </ClInclude>
    <ClInclude Include="..\..\External\Imgui\imgui.h">
      <Filter>외부 파일\Imgui</Filter>
    </ClInclude>
    <ClInclude Include="..\..\External\Imgui\imgui_internal.h">
      <Filter>외부 파일\Imgui</Filter>
    </ClInclude>
    <ClInclude Include="..\..\External\Imgui\imstb_rectpack.h">
      <Filter>외부 파일\Imgui</Filter>
    </ClInclude>
    <ClInclude Include="..\..\External\Imgui\imstb_textedit.h">
      <Filter>외부 파일\Imgui</Filter>
    </ClInclude>
    <ClInclude Include="..\..\External\Imgui\imstb_truetype.h">
      <Filter>외부 파일\Imgui</Filter>
    </ClInclude>
    <ClInclude Include="..\..\Common\Singleton.h">
      <Filter>헤더 파일\Common</Filter>
    </ClInclude>
    <ClInclude Include="..\..\Common\Type.h">
      <Filter>헤더 파일\Common</Filter>
    </ClInclude>
    <ClInclude Include="Explorer.h">
      <Filter>헤더 파일</Filter>
    </ClInclude>
    <ClInclude Include="Hierarchy.h">
      <Filter>헤더 파일</Filter>
    </ClInclude>
    <ClInclude Include="..\..\Common\Timer.h">
      <Filter>헤더 파일\Common</Filter>
    </ClInclude>
    <ClInclude Include="..\..\Common\Stdafx.h">
      <Filter>헤더 파일\Common</Filter>
    </ClInclude>
    <ClInclude Include="..\..\External\Imgui\imgui_stdlib.h">
      <Filter>외부 파일\Imgui</Filter>
    </ClInclude>
    <ClInclude Include="..\..\Common\Util.h">
      <Filter>헤더 파일\Common</Filter>
    </ClInclude>
    <ClInclude Include="..\..\Common\Delegate.h">
      <Filter>헤더 파일\Common</Filter>
    </ClInclude>
    <ClInclude Include="..\..\Module\Resource\Include\Lib.h">
      <Filter>모듈 파일\Resource</Filter>
    </ClInclude>
    <ClInclude Include="UIEditor.h">
      <Filter>헤더 파일</Filter>
    </ClInclude>
    <ClInclude Include="Desktop.h">
      <Filter>헤더 파일</Filter>
    </ClInclude>
    <ClInclude Include="..\..\Module\Graphics\Include\Lib.h">
      <Filter>모듈 파일\Graphics</Filter>
    </ClInclude>
    <ClInclude Include="Clipboard.h">
      <Filter>헤더 파일</Filter>
    </ClInclude>
    <ClInclude Include="Inspector.h">
      <Filter>헤더 파일</Filter>
    </ClInclude>
    <ClInclude Include="..\..\Game\Client\Object.h">
      <Filter>헤더 파일\Client</Filter>
    </ClInclude>
    <ClInclude Include="..\..\Game\Client\UI.h">
      <Filter>헤더 파일\Client</Filter>
    </ClInclude>
    <ClInclude Include="..\..\Game\Client\Window.h">
      <Filter>헤더 파일\Client</Filter>
    </ClInclude>
    <ClInclude Include="..\..\Game\Client\Button.h">
      <Filter>헤더 파일\Client</Filter>
    </ClInclude>
    <ClInclude Include="..\..\Game\Client\Control.h">
      <Filter>헤더 파일\Client</Filter>
    </ClInclude>
    <ClInclude Include="..\..\Game\Client\TextBox.h">
      <Filter>헤더 파일\Client</Filter>
    </ClInclude>
    <ClInclude Include="..\..\Game\Client\TextBlock.h">
      <Filter>헤더 파일\Client</Filter>
    </ClInclude>
  </ItemGroup>
  <ItemGroup>
    <ClCompile Include="App.cpp">
      <Filter>소스 파일</Filter>
    </ClCompile>
    <ClCompile Include="Main.cpp">
      <Filter>소스 파일</Filter>
    </ClCompile>
    <ClCompile Include="Stdafx.cpp">
      <Filter>소스 파일</Filter>
    </ClCompile>
    <ClCompile Include="..\..\External\Imgui\imgui.cpp">
      <Filter>외부 파일\Imgui</Filter>
    </ClCompile>
    <ClCompile Include="..\..\External\Imgui\imgui_demo.cpp">
      <Filter>외부 파일\Imgui</Filter>
    </ClCompile>
    <ClCompile Include="..\..\External\Imgui\imgui_draw.cpp">
      <Filter>외부 파일\Imgui</Filter>
    </ClCompile>
    <ClCompile Include="..\..\External\Imgui\imgui_tables.cpp">
      <Filter>외부 파일\Imgui</Filter>
    </ClCompile>
    <ClCompile Include="..\..\External\Imgui\imgui_widgets.cpp">
      <Filter>외부 파일\Imgui</Filter>
    </ClCompile>
    <ClCompile Include="..\..\Common\Type.cpp">
      <Filter>소스 파일\Common</Filter>
    </ClCompile>
    <ClCompile Include="Explorer.cpp">
      <Filter>소스 파일</Filter>
    </ClCompile>
    <ClCompile Include="Hierarchy.cpp">
      <Filter>소스 파일</Filter>
    </ClCompile>
    <ClCompile Include="Inspector.cpp">
      <Filter>소스 파일</Filter>
    </ClCompile>
    <ClCompile Include="..\..\Common\Timer.cpp">
      <Filter>소스 파일\Common</Filter>
    </ClCompile>
    <ClCompile Include="..\..\External\Imgui\imgui_stdlib.cpp">
      <Filter>외부 파일\Imgui</Filter>
    </ClCompile>
    <ClCompile Include="..\..\Common\Util.cpp">
      <Filter>소스 파일\Common</Filter>
    </ClCompile>
    <ClCompile Include="UIEditor.cpp">
      <Filter>소스 파일</Filter>
    </ClCompile>
    <ClCompile Include="Desktop.cpp">
      <Filter>소스 파일</Filter>
    </ClCompile>
    <ClCompile Include="Clipboard.cpp">
      <Filter>소스 파일</Filter>
    </ClCompile>
    <ClCompile Include="..\..\Game\Client\Object.cpp">
      <Filter>소스 파일\Client</Filter>
    </ClCompile>
    <ClCompile Include="..\..\Game\Client\UI.cpp">
      <Filter>소스 파일\Client</Filter>
    </ClCompile>
    <ClCompile Include="..\..\Game\Client\Window.cpp">
      <Filter>소스 파일\Client</Filter>
    </ClCompile>
    <ClCompile Include="..\..\Game\Client\Button.cpp">
      <Filter>소스 파일\Client</Filter>
    </ClCompile>
    <ClCompile Include="..\..\Game\Client\Control.cpp">
      <Filter>소스 파일\Client</Filter>
    </ClCompile>
    <ClCompile Include="..\..\Game\Client\TextBox.cpp">
      <Filter>소스 파일\Client</Filter>
    </ClCompile>
    <ClCompile Include="..\..\Game\Client\TextBlock.cpp">
      <Filter>소스 파일\Client</Filter>
    </ClCompile>
  </ItemGroup>
</Project>