
Microsoft Visual Studio Solution File, Format Version 12.00
# Visual Studio Version 17
VisualStudioVersion = 17.4.33205.214
MinimumVisualStudioVersion = 10.0.40219.1
Project("{FAE04EC0-301F-11D3-BF4B-00C04F79EFBC}") = "Editor", "Editor.csproj", "{01ACE3AB-756E-48D9-B8C6-57089A6B1E2A}"
EndProject
Global
	GlobalSection(SolutionConfigurationPlatforms) = preSolution
		Debug|Any CPU = Debug|Any CPU
		Release|Any CPU = Release|Any CPU
	EndGlobalSection
	GlobalSection(ProjectConfigurationPlatforms) = postSolution
		{01ACE3AB-756E-48D9-B8C6-57089A6B1E2A}.Debug|Any CPU.ActiveCfg = Debug|Any CPU
		{01ACE3AB-756E-48D9-B8C6-57089A6B1E2A}.Debug|Any CPU.Build.0 = Debug|Any CPU
		{01ACE3AB-756E-48D9-B8C6-57089A6B1E2A}.Release|Any CPU.ActiveCfg = Release|Any CPU
		{01ACE3AB-756E-48D9-B8C6-57089A6B1E2A}.Release|Any CPU.Build.0 = Release|Any CPU
	EndGlobalSection
	GlobalSection(SolutionProperties) = preSolution
		HideSolutionNode = FALSE
	EndGlobalSection
	GlobalSection(ExtensibilityGlobals) = postSolution
		SolutionGuid = {5D94EBCD-B1F3-4AF7-8391-1D07C3F4DF19}
	EndGlobalSection
EndGlobal
