<?xml version="1.0" encoding="utf-8"?>
<Project ToolsVersion="4.0" xmlns="http://schemas.microsoft.com/developer/msbuild/2003">
  <ItemGroup>
    <Filter Include="Source">
      <UniqueIdentifier>{4FC737F1-C7A5-4376-A066-2A32D752A2FF}</UniqueIdentifier>
      <Extensions>cpp;c;cc;cxx;c++;cppm;ixx;def;odl;idl;hpj;bat;asm;asmx</Extensions>
    </Filter>
    <Filter Include="Header">
      <UniqueIdentifier>{93995380-89BD-4b04-88EB-625FBE52EBFB}</UniqueIdentifier>
      <Extensions>h;hh;hpp;hxx;h++;hm;inl;inc;ipp;xsd</Extensions>
    </Filter>
    <Filter Include="Library">
      <UniqueIdentifier>{699c2adb-5a9e-4424-9db1-a986576322fb}</UniqueIdentifier>
    </Filter>
    <Filter Include="Library\Resource">
      <UniqueIdentifier>{fab6c9b8-6321-4bec-a719-3a215f332dc0}</UniqueIdentifier>
    </Filter>
    <Filter Include="Library\Graphics">
      <UniqueIdentifier>{db66694d-8524-4b5a-b06c-9efc0c5f8f61}</UniqueIdentifier>
    </Filter>
    <Filter Include="Header\Common">
      <UniqueIdentifier>{2b89ed0b-2c9e-4f99-9f1c-ee2dec2fe2a2}</UniqueIdentifier>
    </Filter>
    <Filter Include="External">
      <UniqueIdentifier>{a45106ae-fde7-4975-8c6e-91f9c01abbf6}</UniqueIdentifier>
    </Filter>
    <Filter Include="External\ImGui">
      <UniqueIdentifier>{1ef2e0b0-650c-4836-a374-9afe9c225fb6}</UniqueIdentifier>
    </Filter>
    <Filter Include="Source\Common">
      <UniqueIdentifier>{e63887cd-4428-45b2-9cb4-c5e8b8ba350e}</UniqueIdentifier>
    </Filter>
    <Filter Include="External\FBXSDK">
      <UniqueIdentifier>{8d112274-0f34-4eb9-bbfc-17d8f12338fd}</UniqueIdentifier>
    </Filter>
  </ItemGroup>
  <ItemGroup>
    <ClInclude Include="App.h">
      <Filter>Header</Filter>
    </ClInclude>
    <ClInclude Include="Clipboard.h">
      <Filter>Header</Filter>
    </ClInclude>
    <ClInclude Include="Delegates.h">
      <Filter>Header</Filter>
    </ClInclude>
    <ClInclude Include="Desktop.h">
      <Filter>Header</Filter>
    </ClInclude>
    <ClInclude Include="Explorer.h">
      <Filter>Header</Filter>
    </ClInclude>
    <ClInclude Include="FbxHandler.h">
      <Filter>Header</Filter>
    </ClInclude>
    <ClInclude Include="Hierarchy.h">
      <Filter>Header</Filter>
    </ClInclude>
    <ClInclude Include="Inspector.h">
      <Filter>Header</Filter>
    </ClInclude>
    <ClInclude Include="Stdafx.h">
      <Filter>Header</Filter>
    </ClInclude>
    <ClInclude Include="UIEditor.h">
      <Filter>Header</Filter>
    </ClInclude>
    <ClInclude Include="Viewport.h">
      <Filter>Header</Filter>
    </ClInclude>
    <ClInclude Include="..\..\Common\Stdafx.h">
      <Filter>Header\Common</Filter>
    </ClInclude>
    <ClInclude Include="..\..\..\External\Imgui\imconfig.h">
      <Filter>External\ImGui</Filter>
    </ClInclude>
    <ClInclude Include="..\..\..\External\Imgui\imgui.h">
      <Filter>External\ImGui</Filter>
    </ClInclude>
    <ClInclude Include="..\..\..\External\Imgui\imgui_internal.h">
      <Filter>External\ImGui</Filter>
    </ClInclude>
    <ClInclude Include="..\..\..\External\Imgui\imgui_stdlib.h">
      <Filter>External\ImGui</Filter>
    </ClInclude>
    <ClInclude Include="..\..\..\External\Imgui\imstb_rectpack.h">
      <Filter>External\ImGui</Filter>
    </ClInclude>
    <ClInclude Include="..\..\..\External\Imgui\imstb_textedit.h">
      <Filter>External\ImGui</Filter>
    </ClInclude>
    <ClInclude Include="..\..\..\External\Imgui\imstb_truetype.h">
      <Filter>External\ImGui</Filter>
    </ClInclude>
    <ClInclude Include="..\..\Common\Util.h">
      <Filter>Header\Common</Filter>
    </ClInclude>
    <ClInclude Include="..\..\Common\Type.h">
      <Filter>Header\Common</Filter>
    </ClInclude>
    <ClInclude Include="..\..\..\External\FBXSDK\include\fbxsdk.h">
      <Filter>External\FBXSDK</Filter>
    </ClInclude>
    <ClInclude Include="..\..\Library\Graphics\Include\Lib.h">
      <Filter>Library\Graphics</Filter>
    </ClInclude>
    <ClInclude Include="..\..\Library\Resource\Include\Lib.h">
      <Filter>Library\Resource</Filter>
    </ClInclude>
    <ClInclude Include="..\..\Common\Timer.h">
      <Filter>Header\Common</Filter>
    </ClInclude>
  </ItemGroup>
  <ItemGroup>
    <ClCompile Include="Viewport.cpp">
      <Filter>Source</Filter>
    </ClCompile>
    <ClCompile Include="App.cpp">
      <Filter>Source</Filter>
    </ClCompile>
    <ClCompile Include="Clipboard.cpp">
      <Filter>Source</Filter>
    </ClCompile>
    <ClCompile Include="Delegates.cpp">
      <Filter>Source</Filter>
    </ClCompile>
    <ClCompile Include="Desktop.cpp">
      <Filter>Source</Filter>
    </ClCompile>
    <ClCompile Include="Explorer.cpp">
      <Filter>Source</Filter>
    </ClCompile>
    <ClCompile Include="FbxHandler.cpp">
      <Filter>Source</Filter>
    </ClCompile>
    <ClCompile Include="Hierarchy.cpp">
      <Filter>Source</Filter>
    </ClCompile>
    <ClCompile Include="Inspector.cpp">
      <Filter>Source</Filter>
    </ClCompile>
    <ClCompile Include="Main.cpp">
      <Filter>Source</Filter>
    </ClCompile>
    <ClCompile Include="Stdafx.cpp">
      <Filter>Source</Filter>
    </ClCompile>
    <ClCompile Include="UIEditor.cpp">
      <Filter>Source</Filter>
    </ClCompile>
    <ClCompile Include="..\..\..\External\Imgui\imgui.cpp">
      <Filter>External\ImGui</Filter>
    </ClCompile>
    <ClCompile Include="..\..\..\External\Imgui\imgui_demo.cpp">
      <Filter>External\ImGui</Filter>
    </ClCompile>
    <ClCompile Include="..\..\..\External\Imgui\imgui_draw.cpp">
      <Filter>External\ImGui</Filter>
    </ClCompile>
    <ClCompile Include="..\..\..\External\Imgui\imgui_stdlib.cpp">
      <Filter>External\ImGui</Filter>
    </ClCompile>
    <ClCompile Include="..\..\..\External\Imgui\imgui_tables.cpp">
      <Filter>External\ImGui</Filter>
    </ClCompile>
    <ClCompile Include="..\..\..\External\Imgui\imgui_widgets.cpp">
      <Filter>External\ImGui</Filter>
    </ClCompile>
    <ClCompile Include="..\..\Common\Util.cpp">
      <Filter>Source\Common</Filter>
    </ClCompile>
    <ClCompile Include="..\..\Common\Type.cpp">
      <Filter>Source\Common</Filter>
    </ClCompile>
    <ClCompile Include="..\..\Common\Timer.cpp">
      <Filter>Source\Common</Filter>
    </ClCompile>
  </ItemGroup>
</Project>